
Microsoft Visual Studio Solution File, Format Version 12.00
# Visual Studio Version 17
VisualStudioVersion = 17.5.002.0
MinimumVisualStudioVersion = 10.0.40219.1
Project("{9A19103F-16F7-4668-BE54-9A1E7A4F7556}") = "01_Hello_World", "01_Hello_World.csproj", "{B008E9E3-43A2-4A87-ACDB-B9A8B0663757}"
EndProject
Global
	GlobalSection(SolutionConfigurationPlatforms) = preSolution
		Debug|Any CPU = Debug|Any CPU
		Release|Any CPU = Release|Any CPU
	EndGlobalSection
	GlobalSection(ProjectConfigurationPlatforms) = postSolution
		{B008E9E3-43A2-4A87-ACDB-B9A8B0663757}.Debug|Any CPU.ActiveCfg = Debug|Any CPU
		{B008E9E3-43A2-4A87-ACDB-B9A8B0663757}.Debug|Any CPU.Build.0 = Debug|Any CPU
		{B008E9E3-43A2-4A87-ACDB-B9A8B0663757}.Release|Any CPU.ActiveCfg = Release|Any CPU
		{B008E9E3-43A2-4A87-ACDB-B9A8B0663757}.Release|Any CPU.Build.0 = Release|Any CPU
	EndGlobalSection
	GlobalSection(SolutionProperties) = preSolution
		HideSolutionNode = FALSE
	EndGlobalSection
	GlobalSection(ExtensibilityGlobals) = postSolution
		SolutionGuid = {84957B36-AE63-4F6F-AEAA-3A658624588E}
	EndGlobalSection
EndGlobal
